
Microsoft Visual Studio Solution File, Format Version 12.00
# Visual Studio Version 17
VisualStudioVersion = 17.14.37203.1 d17.14
MinimumVisualStudioVersion = 10.0.40219.1
Project("{FAE04EC0-301F-11D3-BF4B-00C04F79EFBC}") = "FullyAutomaticGrowingZone", "FullyAutomaticGrowingZone.csproj", "{090F6822-BCE9-4EE1-9608-611187DEEF19}"
EndProject
Global
	GlobalSection(SolutionConfigurationPlatforms) = preSolution
		Debug|Any CPU = Debug|Any CPU
		Release|Any CPU = Release|Any CPU
	EndGlobalSection
	GlobalSection(ProjectConfigurationPlatforms) = postSolution
		{090F6822-BCE9-4EE1-9608-611187DEEF19}.Debug|Any CPU.ActiveCfg = Debug|Any CPU
		{090F6822-BCE9-4EE1-9608-611187DEEF19}.Debug|Any CPU.Build.0 = Debug|Any CPU
		{090F6822-BCE9-4EE1-9608-611187DEEF19}.Release|Any CPU.ActiveCfg = Release|Any CPU
		{090F6822-BCE9-4EE1-9608-611187DEEF19}.Release|Any CPU.Build.0 = Release|Any CPU
	EndGlobalSection
	GlobalSection(SolutionProperties) = preSolution
		HideSolutionNode = FALSE
	EndGlobalSection
	GlobalSection(ExtensibilityGlobals) = postSolution
		SolutionGuid = {BCB03197-4F9C-488A-8BF0-1A7F10B03780}
	EndGlobalSection
EndGlobal
