
Microsoft Visual Studio Solution File, Format Version 12.00
# Visual Studio Version 17
VisualStudioVersion = 17.14.37203.1 d17.14
MinimumVisualStudioVersion = 10.0.40219.1
Project("{FAE04EC0-301F-11D3-BF4B-00C04F79EFBC}") = "FullyAutomaticOmniCrafter", "FullyAutomaticOmniCrafter.csproj", "{49FF93C8-14C8-4DAD-9172-0BBA7FBCE395}"
EndProject
Global
	GlobalSection(SolutionConfigurationPlatforms) = preSolution
		Debug|Any CPU = Debug|Any CPU
		Release|Any CPU = Release|Any CPU
	EndGlobalSection
	GlobalSection(ProjectConfigurationPlatforms) = postSolution
		{49FF93C8-14C8-4DAD-9172-0BBA7FBCE395}.Debug|Any CPU.ActiveCfg = Debug|Any CPU
		{49FF93C8-14C8-4DAD-9172-0BBA7FBCE395}.Debug|Any CPU.Build.0 = Debug|Any CPU
		{49FF93C8-14C8-4DAD-9172-0BBA7FBCE395}.Release|Any CPU.ActiveCfg = Release|Any CPU
		{49FF93C8-14C8-4DAD-9172-0BBA7FBCE395}.Release|Any CPU.Build.0 = Release|Any CPU
	EndGlobalSection
	GlobalSection(SolutionProperties) = preSolution
		HideSolutionNode = FALSE
	EndGlobalSection
	GlobalSection(ExtensibilityGlobals) = postSolution
		SolutionGuid = {D85F3102-4CEF-4CD4-828C-B78C773AFAB6}
	EndGlobalSection
EndGlobal
